
Microsoft Visual Studio Solution File, Format Version 12.00
# Visual Studio 2012
Project("{8BC9CEB8-8B4A-11D0-8D11-00A0C91BC942}") = "cpprestsdk110", "Release\src\build\vs11\casablanca110.vcxproj", "{90D85FF4-F0AE-4816-923F-0EF2758F30AB}"
EndProject
Project("{2150E333-8FDC-42A3-9474-1A3956D46DE8}") = "Source", "Source", "{40661945-A809-4D65-8E8B-1B040E1BCD4B}"
EndProject
Project("{2150E333-8FDC-42A3-9474-1A3956D46DE8}") = "Samples", "Samples", "{234BF944-8E20-44D2-A667-11E7247ABD87}"
EndProject
Project("{2150E333-8FDC-42A3-9474-1A3956D46DE8}") = "BingRequest", "BingRequest", "{593D36F1-7101-4899-A3D6-710C8F8E64D5}"
EndProject
Project("{8BC9CEB8-8B4A-11D0-8D11-00A0C91BC942}") = "BingRequest110", "Release\samples\BingRequest\BingRequest110\BingRequest110.vcxproj", "{2EB9CCAA-541D-4DC1-BE2C-B1AE9712194D}"
EndProject
Global
	GlobalSection(SolutionConfigurationPlatforms) = preSolution
		Debug|ARM = Debug|ARM
		Debug|Win32 = Debug|Win32
		Debug|x64 = Debug|x64
		Release|ARM = Release|ARM
		Release|Win32 = Release|Win32
		Release|x64 = Release|x64
	EndGlobalSection
	GlobalSection(ProjectConfigurationPlatforms) = postSolution
		{90D85FF4-F0AE-4816-923F-0EF2758F30AB}.Debug|ARM.ActiveCfg = Debug|ARM
		{90D85FF4-F0AE-4816-923F-0EF2758F30AB}.Debug|Win32.ActiveCfg = Debug|Win32
		{90D85FF4-F0AE-4816-923F-0EF2758F30AB}.Debug|Win32.Build.0 = Debug|Win32
		{90D85FF4-F0AE-4816-923F-0EF2758F30AB}.Debug|x64.ActiveCfg = Debug|x64
		{90D85FF4-F0AE-4816-923F-0EF2758F30AB}.Debug|x64.Build.0 = Debug|x64
		{90D85FF4-F0AE-4816-923F-0EF2758F30AB}.Release|ARM.ActiveCfg = Release|ARM
		{90D85FF4-F0AE-4816-923F-0EF2758F30AB}.Release|Win32.ActiveCfg = Release|Win32
		{90D85FF4-F0AE-4816-923F-0EF2758F30AB}.Release|Win32.Build.0 = Release|Win32
		{90D85FF4-F0AE-4816-923F-0EF2758F30AB}.Release|x64.ActiveCfg = Release|x64
		{90D85FF4-F0AE-4816-923F-0EF2758F30AB}.Release|x64.Build.0 = Release|x64
		{2EB9CCAA-541D-4DC1-BE2C-B1AE9712194D}.Debug|ARM.ActiveCfg = Debug|Win32
		{2EB9CCAA-541D-4DC1-BE2C-B1AE9712194D}.Debug|Win32.ActiveCfg = Debug|Win32
		{2EB9CCAA-541D-4DC1-BE2C-B1AE9712194D}.Debug|Win32.Build.0 = Debug|Win32
		{2EB9CCAA-541D-4DC1-BE2C-B1AE9712194D}.Debug|x64.ActiveCfg = Debug|x64
		{2EB9CCAA-541D-4DC1-BE2C-B1AE9712194D}.Debug|x64.Build.0 = Debug|x64
		{2EB9CCAA-541D-4DC1-BE2C-B1AE9712194D}.Release|ARM.ActiveCfg = Release|Win32
		{2EB9CCAA-541D-4DC1-BE2C-B1AE9712194D}.Release|Win32.ActiveCfg = Release|Win32
		{2EB9CCAA-541D-4DC1-BE2C-B1AE9712194D}.Release|Win32.Build.0 = Release|Win32
		{2EB9CCAA-541D-4DC1-BE2C-B1AE9712194D}.Release|x64.ActiveCfg = Release|x64
		{2EB9CCAA-541D-4DC1-BE2C-B1AE9712194D}.Release|x64.Build.0 = Release|x64
	EndGlobalSection
	GlobalSection(SolutionProperties) = preSolution
		HideSolutionNode = FALSE
	EndGlobalSection
	GlobalSection(NestedProjects) = preSolution
		{90D85FF4-F0AE-4816-923F-0EF2758F30AB} = {40661945-A809-4D65-8E8B-1B040E1BCD4B}
		{593D36F1-7101-4899-A3D6-710C8F8E64D5} = {234BF944-8E20-44D2-A667-11E7247ABD87}
		{2EB9CCAA-541D-4DC1-BE2C-B1AE9712194D} = {593D36F1-7101-4899-A3D6-710C8F8E64D5}
	EndGlobalSection
EndGlobal
